
Microsoft Visual Studio Solution File, Format Version 12.00
# Visual Studio Version 17
VisualStudioVersion = 17.0.31912.275
MinimumVisualStudioVersion = 10.0.40219.1
Project("{FAE04EC0-301F-11D3-BF4B-00C04F79EFBC}") = "Упражнение 15", "Упражнение 15.csproj", "{8FF5069B-5CAD-4120-82FA-AF879B34583E}"
EndProject
Global
	GlobalSection(SolutionConfigurationPlatforms) = preSolution
		Debug|Any CPU = Debug|Any CPU
		Release|Any CPU = Release|Any CPU
	EndGlobalSection
	GlobalSection(ProjectConfigurationPlatforms) = postSolution
		{8FF5069B-5CAD-4120-82FA-AF879B34583E}.Debug|Any CPU.ActiveCfg = Debug|Any CPU
		{8FF5069B-5CAD-4120-82FA-AF879B34583E}.Debug|Any CPU.Build.0 = Debug|Any CPU
		{8FF5069B-5CAD-4120-82FA-AF879B34583E}.Release|Any CPU.ActiveCfg = Release|Any CPU
		{8FF5069B-5CAD-4120-82FA-AF879B34583E}.Release|Any CPU.Build.0 = Release|Any CPU
	EndGlobalSection
	GlobalSection(SolutionProperties) = preSolution
		HideSolutionNode = FALSE
	EndGlobalSection
	GlobalSection(ExtensibilityGlobals) = postSolution
		SolutionGuid = {F8003E34-3C1B-4352-9ECB-55C1F4A665B4}
	EndGlobalSection
EndGlobal
